
Microsoft Visual Studio Solution File, Format Version 12.00
# Visual Studio 15
VisualStudioVersion = 15.0.26124.0
MinimumVisualStudioVersion = 15.0.26124.0
Project("{9A19103F-16F7-4668-BE54-9A1E7A4F7556}") = "R5T.D0035.Construction", "R5T.D0035.Construction\R5T.D0035.Construction.csproj", "{601D8280-541D-4C9C-8C19-D756003276D4}"
EndProject
Project("{9A19103F-16F7-4668-BE54-9A1E7A4F7556}") = "R5T.D0035", "R5T.D0035\R5T.D0035.csproj", "{092B7A6A-4AF6-464D-AFA1-B4DF4DDC68C7}"
EndProject
Project("{9A19103F-16F7-4668-BE54-9A1E7A4F7556}") = "R5T.D0035.Base", "R5T.D0035.Base\R5T.D0035.Base.csproj", "{40119223-C47D-4DE0-BC6C-57E76E20515F}"
EndProject
Project("{9A19103F-16F7-4668-BE54-9A1E7A4F7556}") = "R5T.D0035.Default", "R5T.D0035.Default\R5T.D0035.Default.csproj", "{3DF72DA9-EEFC-4327-B473-DE21A29DCF37}"
EndProject
Project("{2150E333-8FDC-42A3-9474-1A3956D46DE8}") = "_Dependencies", "_Dependencies", "{EE6786CB-C1A4-443A-9A91-5A6308A29E2B}"
EndProject
Project("{9A19103F-16F7-4668-BE54-9A1E7A4F7556}") = "R5T.T0010", "..\..\R5T.T0010\source\R5T.T0010\R5T.T0010.csproj", "{FEC018CA-C257-4584-9AA9-2AA740E1B298}"
EndProject
Project("{9A19103F-16F7-4668-BE54-9A1E7A4F7556}") = "R5T.D0036.Base", "..\..\R5T.D0036\source\R5T.D0036.Base\R5T.D0036.Base.csproj", "{EEC3D03F-2B4A-4864-ADC9-C716FCF87378}"
EndProject
Project("{9A19103F-16F7-4668-BE54-9A1E7A4F7556}") = "R5T.Dacia.Extensions", "..\..\R5T.Dacia.Extensions\source\R5T.Dacia.Extensions\R5T.Dacia.Extensions.csproj", "{5EAF343D-205F-405E-9DE4-A22FDF0BF279}"
EndProject
Project("{9A19103F-16F7-4668-BE54-9A1E7A4F7556}") = "R5T.Dacia", "..\..\R5T.Dacia\source\R5T.Dacia\R5T.Dacia.csproj", "{58E1BFC0-F755-405B-8620-62CA4FB39B33}"
EndProject
Project("{9A19103F-16F7-4668-BE54-9A1E7A4F7556}") = "R5T.Stagira", "..\..\R5T.Stagira\source\R5T.Stagira\R5T.Stagira.csproj", "{C9AE3D78-DC62-4FB3-88DC-D914164C3151}"
EndProject
Project("{9A19103F-16F7-4668-BE54-9A1E7A4F7556}") = "R5T.D0010.Base", "..\..\R5T.D0010\source\R5T.D0010.Base\R5T.D0010.Base.csproj", "{F508A69E-743A-44E9-8E7B-FE154EA63C57}"
EndProject
Project("{9A19103F-16F7-4668-BE54-9A1E7A4F7556}") = "R5T.T0001", "..\..\R5T.T0001\source\R5T.T0001\R5T.T0001.csproj", "{5F7C5810-05C5-456D-8122-79F891D83064}"
EndProject
Project("{9A19103F-16F7-4668-BE54-9A1E7A4F7556}") = "R5T.T0064", "..\..\R5T.T0064\source\R5T.T0064\R5T.T0064.csproj", "{B569B55E-A6A6-4302-9175-FDC289482CA2}"
EndProject
Project("{9A19103F-16F7-4668-BE54-9A1E7A4F7556}") = "R5T.Magyar", "..\..\R5T.Magyar\source\R5T.Magyar\R5T.Magyar.csproj", "{BCA19E6C-4CD9-4EFD-A575-E0D790B6CDF4}"
EndProject
Global
	GlobalSection(SolutionConfigurationPlatforms) = preSolution
		Debug|Any CPU = Debug|Any CPU
		Debug|x64 = Debug|x64
		Debug|x86 = Debug|x86
		Release|Any CPU = Release|Any CPU
		Release|x64 = Release|x64
		Release|x86 = Release|x86
	EndGlobalSection
	GlobalSection(ProjectConfigurationPlatforms) = postSolution
		{601D8280-541D-4C9C-8C19-D756003276D4}.Debug|Any CPU.ActiveCfg = Debug|Any CPU
		{601D8280-541D-4C9C-8C19-D756003276D4}.Debug|Any CPU.Build.0 = Debug|Any CPU
		{601D8280-541D-4C9C-8C19-D756003276D4}.Debug|x64.ActiveCfg = Debug|Any CPU
		{601D8280-541D-4C9C-8C19-D756003276D4}.Debug|x64.Build.0 = Debug|Any CPU
		{601D8280-541D-4C9C-8C19-D756003276D4}.Debug|x86.ActiveCfg = Debug|Any CPU
		{601D8280-541D-4C9C-8C19-D756003276D4}.Debug|x86.Build.0 = Debug|Any CPU
		{601D8280-541D-4C9C-8C19-D756003276D4}.Release|Any CPU.ActiveCfg = Release|Any CPU
		{601D8280-541D-4C9C-8C19-D756003276D4}.Release|Any CPU.Build.0 = Release|Any CPU
		{601D8280-541D-4C9C-8C19-D756003276D4}.Release|x64.ActiveCfg = Release|Any CPU
		{601D8280-541D-4C9C-8C19-D756003276D4}.Release|x64.Build.0 = Release|Any CPU
		{601D8280-541D-4C9C-8C19-D756003276D4}.Release|x86.ActiveCfg = Release|Any CPU
		{601D8280-541D-4C9C-8C19-D756003276D4}.Release|x86.Build.0 = Release|Any CPU
		{092B7A6A-4AF6-464D-AFA1-B4DF4DDC68C7}.Debug|Any CPU.ActiveCfg = Debug|Any CPU
		{092B7A6A-4AF6-464D-AFA1-B4DF4DDC68C7}.Debug|Any CPU.Build.0 = Debug|Any CPU
		{092B7A6A-4AF6-464D-AFA1-B4DF4DDC68C7}.Debug|x64.ActiveCfg = Debug|Any CPU
		{092B7A6A-4AF6-464D-AFA1-B4DF4DDC68C7}.Debug|x64.Build.0 = Debug|Any CPU
		{092B7A6A-4AF6-464D-AFA1-B4DF4DDC68C7}.Debug|x86.ActiveCfg = Debug|Any CPU
		{092B7A6A-4AF6-464D-AFA1-B4DF4DDC68C7}.Debug|x86.Build.0 = Debug|Any CPU
		{092B7A6A-4AF6-464D-AFA1-B4DF4DDC68C7}.Release|Any CPU.ActiveCfg = Release|Any CPU
		{092B7A6A-4AF6-464D-AFA1-B4DF4DDC68C7}.Release|Any CPU.Build.0 = Release|Any CPU
		{092B7A6A-4AF6-464D-AFA1-B4DF4DDC68C7}.Release|x64.ActiveCfg = Release|Any CPU
		{092B7A6A-4AF6-464D-AFA1-B4DF4DDC68C7}.Release|x64.Build.0 = Release|Any CPU
		{092B7A6A-4AF6-464D-AFA1-B4DF4DDC68C7}.Release|x86.ActiveCfg = Release|Any CPU
		{092B7A6A-4AF6-464D-AFA1-B4DF4DDC68C7}.Release|x86.Build.0 = Release|Any CPU
		{40119223-C47D-4DE0-BC6C-57E76E20515F}.Debug|Any CPU.ActiveCfg = Debug|Any CPU
		{40119223-C47D-4DE0-BC6C-57E76E20515F}.Debug|Any CPU.Build.0 = Debug|Any CPU
		{40119223-C47D-4DE0-BC6C-57E76E20515F}.Debug|x64.ActiveCfg = Debug|Any CPU
		{40119223-C47D-4DE0-BC6C-57E76E20515F}.Debug|x64.Build.0 = Debug|Any CPU
		{40119223-C47D-4DE0-BC6C-57E76E20515F}.Debug|x86.ActiveCfg = Debug|Any CPU
		{40119223-C47D-4DE0-BC6C-57E76E20515F}.Debug|x86.Build.0 = Debug|Any CPU
		{40119223-C47D-4DE0-BC6C-57E76E20515F}.Release|Any CPU.ActiveCfg = Release|Any CPU
		{40119223-C47D-4DE0-BC6C-57E76E20515F}.Release|Any CPU.Build.0 = Release|Any CPU
		{40119223-C47D-4DE0-BC6C-57E76E20515F}.Release|x64.ActiveCfg = Release|Any CPU
		{40119223-C47D-4DE0-BC6C-57E76E20515F}.Release|x64.Build.0 = Release|Any CPU
		{40119223-C47D-4DE0-BC6C-57E76E20515F}.Release|x86.ActiveCfg = Release|Any CPU
		{40119223-C47D-4DE0-BC6C-57E76E20515F}.Release|x86.Build.0 = Release|Any CPU
		{3DF72DA9-EEFC-4327-B473-DE21A29DCF37}.Debug|Any CPU.ActiveCfg = Debug|Any CPU
		{3DF72DA9-EEFC-4327-B473-DE21A29DCF37}.Debug|Any CPU.Build.0 = Debug|Any CPU
		{3DF72DA9-EEFC-4327-B473-DE21A29DCF37}.Debug|x64.ActiveCfg = Debug|Any CPU
		{3DF72DA9-EEFC-4327-B473-DE21A29DCF37}.Debug|x64.Build.0 = Debug|Any CPU
		{3DF72DA9-EEFC-4327-B473-DE21A29DCF37}.Debug|x86.ActiveCfg = Debug|Any CPU
		{3DF72DA9-EEFC-4327-B473-DE21A29DCF37}.Debug|x86.Build.0 = Debug|Any CPU
		{3DF72DA9-EEFC-4327-B473-DE21A29DCF37}.Release|Any CPU.ActiveCfg = Release|Any CPU
		{3DF72DA9-EEFC-4327-B473-DE21A29DCF37}.Release|Any CPU.Build.0 = Release|Any CPU
		{3DF72DA9-EEFC-4327-B473-DE21A29DCF37}.Release|x64.ActiveCfg = Release|Any CPU
		{3DF72DA9-EEFC-4327-B473-DE21A29DCF37}.Release|x64.Build.0 = Release|Any CPU
		{3DF72DA9-EEFC-4327-B473-DE21A29DCF37}.Release|x86.ActiveCfg = Release|Any CPU
		{3DF72DA9-EEFC-4327-B473-DE21A29DCF37}.Release|x86.Build.0 = Release|Any CPU
		{FEC018CA-C257-4584-9AA9-2AA740E1B298}.Debug|Any CPU.ActiveCfg = Debug|Any CPU
		{FEC018CA-C257-4584-9AA9-2AA740E1B298}.Debug|Any CPU.Build.0 = Debug|Any CPU
		{FEC018CA-C257-4584-9AA9-2AA740E1B298}.Debug|x64.ActiveCfg = Debug|Any CPU
		{FEC018CA-C257-4584-9AA9-2AA740E1B298}.Debug|x64.Build.0 = Debug|Any CPU
		{FEC018CA-C257-4584-9AA9-2AA740E1B298}.Debug|x86.ActiveCfg = Debug|Any CPU
		{FEC018CA-C257-4584-9AA9-2AA740E1B298}.Debug|x86.Build.0 = Debug|Any CPU
		{FEC018CA-C257-4584-9AA9-2AA740E1B298}.Release|Any CPU.ActiveCfg = Release|Any CPU
		{FEC018CA-C257-4584-9AA9-2AA740E1B298}.Release|Any CPU.Build.0 = Release|Any CPU
		{FEC018CA-C257-4584-9AA9-2AA740E1B298}.Release|x64.ActiveCfg = Release|Any CPU
		{FEC018CA-C257-4584-9AA9-2AA740E1B298}.Release|x64.Build.0 = Release|Any CPU
		{FEC018CA-C257-4584-9AA9-2AA740E1B298}.Release|x86.ActiveCfg = Release|Any CPU
		{FEC018CA-C257-4584-9AA9-2AA740E1B298}.Release|x86.Build.0 = Release|Any CPU
		{EEC3D03F-2B4A-4864-ADC9-C716FCF87378}.Debug|Any CPU.ActiveCfg = Debug|Any CPU
		{EEC3D03F-2B4A-4864-ADC9-C716FCF87378}.Debug|Any CPU.Build.0 = Debug|Any CPU
		{EEC3D03F-2B4A-4864-ADC9-C716FCF87378}.Debug|x64.ActiveCfg = Debug|Any CPU
		{EEC3D03F-2B4A-4864-ADC9-C716FCF87378}.Debug|x64.Build.0 = Debug|Any CPU
		{EEC3D03F-2B4A-4864-ADC9-C716FCF87378}.Debug|x86.ActiveCfg = Debug|Any CPU
		{EEC3D03F-2B4A-4864-ADC9-C716FCF87378}.Debug|x86.Build.0 = Debug|Any CPU
		{EEC3D03F-2B4A-4864-ADC9-C716FCF87378}.Release|Any CPU.ActiveCfg = Release|Any CPU
		{EEC3D03F-2B4A-4864-ADC9-C716FCF87378}.Release|Any CPU.Build.0 = Release|Any CPU
		{EEC3D03F-2B4A-4864-ADC9-C716FCF87378}.Release|x64.ActiveCfg = Release|Any CPU
		{EEC3D03F-2B4A-4864-ADC9-C716FCF87378}.Release|x64.Build.0 = Release|Any CPU
		{EEC3D03F-2B4A-4864-ADC9-C716FCF87378}.Release|x86.ActiveCfg = Release|Any CPU
		{EEC3D03F-2B4A-4864-ADC9-C716FCF87378}.Release|x86.Build.0 = Release|Any CPU
		{5EAF343D-205F-405E-9DE4-A22FDF0BF279}.Debug|Any CPU.ActiveCfg = Debug|Any CPU
		{5EAF343D-205F-405E-9DE4-A22FDF0BF279}.Debug|Any CPU.Build.0 = Debug|Any CPU
		{5EAF343D-205F-405E-9DE4-A22FDF0BF279}.Debug|x64.ActiveCfg = Debug|Any CPU
		{5EAF343D-205F-405E-9DE4-A22FDF0BF279}.Debug|x64.Build.0 = Debug|Any CPU
		{5EAF343D-205F-405E-9DE4-A22FDF0BF279}.Debug|x86.ActiveCfg = Debug|Any CPU
		{5EAF343D-205F-405E-9DE4-A22FDF0BF279}.Debug|x86.Build.0 = Debug|Any CPU
		{5EAF343D-205F-405E-9DE4-A22FDF0BF279}.Release|Any CPU.ActiveCfg = Release|Any CPU
		{5EAF343D-205F-405E-9DE4-A22FDF0BF279}.Release|Any CPU.Build.0 = Release|Any CPU
		{5EAF343D-205F-405E-9DE4-A22FDF0BF279}.Release|x64.ActiveCfg = Release|Any CPU
		{5EAF343D-205F-405E-9DE4-A22FDF0BF279}.Release|x64.Build.0 = Release|Any CPU
		{5EAF343D-205F-405E-9DE4-A22FDF0BF279}.Release|x86.ActiveCfg = Release|Any CPU
		{5EAF343D-205F-405E-9DE4-A22FDF0BF279}.Release|x86.Build.0 = Release|Any CPU
		{58E1BFC0-F755-405B-8620-62CA4FB39B33}.Debug|Any CPU.ActiveCfg = Debug|Any CPU
		{58E1BFC0-F755-405B-8620-62CA4FB39B33}.Debug|Any CPU.Build.0 = Debug|Any CPU
		{58E1BFC0-F755-405B-8620-62CA4FB39B33}.Debug|x64.ActiveCfg = Debug|Any CPU
		{58E1BFC0-F755-405B-8620-62CA4FB39B33}.Debug|x64.Build.0 = Debug|Any CPU
		{58E1BFC0-F755-405B-8620-62CA4FB39B33}.Debug|x86.ActiveCfg = Debug|Any CPU
		{58E1BFC0-F755-405B-8620-62CA4FB39B33}.Debug|x86.Build.0 = Debug|Any CPU
		{58E1BFC0-F755-405B-8620-62CA4FB39B33}.Release|Any CPU.ActiveCfg = Release|Any CPU
		{58E1BFC0-F755-405B-8620-62CA4FB39B33}.Release|Any CPU.Build.0 = Release|Any CPU
		{58E1BFC0-F755-405B-8620-62CA4FB39B33}.Release|x64.ActiveCfg = Release|Any CPU
		{58E1BFC0-F755-405B-8620-62CA4FB39B33}.Release|x64.Build.0 = Release|Any CPU
		{58E1BFC0-F755-405B-8620-62CA4FB39B33}.Release|x86.ActiveCfg = Release|Any CPU
		{58E1BFC0-F755-405B-8620-62CA4FB39B33}.Release|x86.Build.0 = Release|Any CPU
		{C9AE3D78-DC62-4FB3-88DC-D914164C3151}.Debug|Any CPU.ActiveCfg = Debug|Any CPU
		{C9AE3D78-DC62-4FB3-88DC-D914164C3151}.Debug|Any CPU.Build.0 = Debug|Any CPU
		{C9AE3D78-DC62-4FB3-88DC-D914164C3151}.Debug|x64.ActiveCfg = Debug|Any CPU
		{C9AE3D78-DC62-4FB3-88DC-D914164C3151}.Debug|x64.Build.0 = Debug|Any CPU
		{C9AE3D78-DC62-4FB3-88DC-D914164C3151}.Debug|x86.ActiveCfg = Debug|Any CPU
		{C9AE3D78-DC62-4FB3-88DC-D914164C3151}.Debug|x86.Build.0 = Debug|Any CPU
		{C9AE3D78-DC62-4FB3-88DC-D914164C3151}.Release|Any CPU.ActiveCfg = Release|Any CPU
		{C9AE3D78-DC62-4FB3-88DC-D914164C3151}.Release|Any CPU.Build.0 = Release|Any CPU
		{C9AE3D78-DC62-4FB3-88DC-D914164C3151}.Release|x64.ActiveCfg = Release|Any CPU
		{C9AE3D78-DC62-4FB3-88DC-D914164C3151}.Release|x64.Build.0 = Release|Any CPU
		{C9AE3D78-DC62-4FB3-88DC-D914164C3151}.Release|x86.ActiveCfg = Release|Any CPU
		{C9AE3D78-DC62-4FB3-88DC-D914164C3151}.Release|x86.Build.0 = Release|Any CPU
		{F508A69E-743A-44E9-8E7B-FE154EA63C57}.Debug|Any CPU.ActiveCfg = Debug|Any CPU
		{F508A69E-743A-44E9-8E7B-FE154EA63C57}.Debug|Any CPU.Build.0 = Debug|Any CPU
		{F508A69E-743A-44E9-8E7B-FE154EA63C57}.Debug|x64.ActiveCfg = Debug|Any CPU
		{F508A69E-743A-44E9-8E7B-FE154EA63C57}.Debug|x64.Build.0 = Debug|Any CPU
		{F508A69E-743A-44E9-8E7B-FE154EA63C57}.Debug|x86.ActiveCfg = Debug|Any CPU
		{F508A69E-743A-44E9-8E7B-FE154EA63C57}.Debug|x86.Build.0 = Debug|Any CPU
		{F508A69E-743A-44E9-8E7B-FE154EA63C57}.Release|Any CPU.ActiveCfg = Release|Any CPU
		{F508A69E-743A-44E9-8E7B-FE154EA63C57}.Release|Any CPU.Build.0 = Release|Any CPU
		{F508A69E-743A-44E9-8E7B-FE154EA63C57}.Release|x64.ActiveCfg = Release|Any CPU
		{F508A69E-743A-44E9-8E7B-FE154EA63C57}.Release|x64.Build.0 = Release|Any CPU
		{F508A69E-743A-44E9-8E7B-FE154EA63C57}.Release|x86.ActiveCfg = Release|Any CPU
		{F508A69E-743A-44E9-8E7B-FE154EA63C57}.Release|x86.Build.0 = Release|Any CPU
		{5F7C5810-05C5-456D-8122-79F891D83064}.Debug|Any CPU.ActiveCfg = Debug|Any CPU
		{5F7C5810-05C5-456D-8122-79F891D83064}.Debug|Any CPU.Build.0 = Debug|Any CPU
		{5F7C5810-05C5-456D-8122-79F891D83064}.Debug|x64.ActiveCfg = Debug|Any CPU
		{5F7C5810-05C5-456D-8122-79F891D83064}.Debug|x64.Build.0 = Debug|Any CPU
		{5F7C5810-05C5-456D-8122-79F891D83064}.Debug|x86.ActiveCfg = Debug|Any CPU
		{5F7C5810-05C5-456D-8122-79F891D83064}.Debug|x86.Build.0 = Debug|Any CPU
		{5F7C5810-05C5-456D-8122-79F891D83064}.Release|Any CPU.ActiveCfg = Release|Any CPU
		{5F7C5810-05C5-456D-8122-79F891D83064}.Release|Any CPU.Build.0 = Release|Any CPU
		{5F7C5810-05C5-456D-8122-79F891D83064}.Release|x64.ActiveCfg = Release|Any CPU
		{5F7C5810-05C5-456D-8122-79F891D83064}.Release|x64.Build.0 = Release|Any CPU
		{5F7C5810-05C5-456D-8122-79F891D83064}.Release|x86.ActiveCfg = Release|Any CPU
		{5F7C5810-05C5-456D-8122-79F891D83064}.Release|x86.Build.0 = Release|Any CPU
		{B569B55E-A6A6-4302-9175-FDC289482CA2}.Debug|Any CPU.ActiveCfg = Debug|Any CPU
		{B569B55E-A6A6-4302-9175-FDC289482CA2}.Debug|Any CPU.Build.0 = Debug|Any CPU
		{B569B55E-A6A6-4302-9175-FDC289482CA2}.Debug|x64.ActiveCfg = Debug|Any CPU
		{B569B55E-A6A6-4302-9175-FDC289482CA2}.Debug|x64.Build.0 = Debug|Any CPU
		{B569B55E-A6A6-4302-9175-FDC289482CA2}.Debug|x86.ActiveCfg = Debug|Any CPU
		{B569B55E-A6A6-4302-9175-FDC289482CA2}.Debug|x86.Build.0 = Debug|Any CPU
		{B569B55E-A6A6-4302-9175-FDC289482CA2}.Release|Any CPU.ActiveCfg = Release|Any CPU
		{B569B55E-A6A6-4302-9175-FDC289482CA2}.Release|Any CPU.Build.0 = Release|Any CPU
		{B569B55E-A6A6-4302-9175-FDC289482CA2}.Release|x64.ActiveCfg = Release|Any CPU
		{B569B55E-A6A6-4302-9175-FDC289482CA2}.Release|x64.Build.0 = Release|Any CPU
		{B569B55E-A6A6-4302-9175-FDC289482CA2}.Release|x86.ActiveCfg = Release|Any CPU
		{B569B55E-A6A6-4302-9175-FDC289482CA2}.Release|x86.Build.0 = Release|Any CPU
		{BCA19E6C-4CD9-4EFD-A575-E0D790B6CDF4}.Debug|Any CPU.ActiveCfg = Debug|Any CPU
		{BCA19E6C-4CD9-4EFD-A575-E0D790B6CDF4}.Debug|Any CPU.Build.0 = Debug|Any CPU
		{BCA19E6C-4CD9-4EFD-A575-E0D790B6CDF4}.Debug|x64.ActiveCfg = Debug|Any CPU
		{BCA19E6C-4CD9-4EFD-A575-E0D790B6CDF4}.Debug|x64.Build.0 = Debug|Any CPU
		{BCA19E6C-4CD9-4EFD-A575-E0D790B6CDF4}.Debug|x86.ActiveCfg = Debug|Any CPU
		{BCA19E6C-4CD9-4EFD-A575-E0D790B6CDF4}.Debug|x86.Build.0 = Debug|Any CPU
		{BCA19E6C-4CD9-4EFD-A575-E0D790B6CDF4}.Release|Any CPU.ActiveCfg = Release|Any CPU
		{BCA19E6C-4CD9-4EFD-A575-E0D790B6CDF4}.Release|Any CPU.Build.0 = Release|Any CPU
		{BCA19E6C-4CD9-4EFD-A575-E0D790B6CDF4}.Release|x64.ActiveCfg = Release|Any CPU
		{BCA19E6C-4CD9-4EFD-A575-E0D790B6CDF4}.Release|x64.Build.0 = Release|Any CPU
		{BCA19E6C-4CD9-4EFD-A575-E0D790B6CDF4}.Release|x86.ActiveCfg = Release|Any CPU
		{BCA19E6C-4CD9-4EFD-A575-E0D790B6CDF4}.Release|x86.Build.0 = Release|Any CPU
	EndGlobalSection
	GlobalSection(SolutionProperties) = preSolution
		HideSolutionNode = FALSE
	EndGlobalSection
	GlobalSection(NestedProjects) = preSolution
		{FEC018CA-C257-4584-9AA9-2AA740E1B298} = {EE6786CB-C1A4-443A-9A91-5A6308A29E2B}
		{EEC3D03F-2B4A-4864-ADC9-C716FCF87378} = {EE6786CB-C1A4-443A-9A91-5A6308A29E2B}
		{5EAF343D-205F-405E-9DE4-A22FDF0BF279} = {EE6786CB-C1A4-443A-9A91-5A6308A29E2B}
		{58E1BFC0-F755-405B-8620-62CA4FB39B33} = {EE6786CB-C1A4-443A-9A91-5A6308A29E2B}
		{C9AE3D78-DC62-4FB3-88DC-D914164C3151} = {EE6786CB-C1A4-443A-9A91-5A6308A29E2B}
		{F508A69E-743A-44E9-8E7B-FE154EA63C57} = {EE6786CB-C1A4-443A-9A91-5A6308A29E2B}
		{5F7C5810-05C5-456D-8122-79F891D83064} = {EE6786CB-C1A4-443A-9A91-5A6308A29E2B}
		{B569B55E-A6A6-4302-9175-FDC289482CA2} = {EE6786CB-C1A4-443A-9A91-5A6308A29E2B}
		{BCA19E6C-4CD9-4EFD-A575-E0D790B6CDF4} = {EE6786CB-C1A4-443A-9A91-5A6308A29E2B}
	EndGlobalSection
	GlobalSection(ExtensibilityGlobals) = postSolution
		SolutionGuid = {A3559EF3-FD12-484B-A2E1-F95CE0C8D7BF}
	EndGlobalSection
EndGlobal
