
Microsoft Visual Studio Solution File, Format Version 12.00
# Visual Studio Version 16
VisualStudioVersion = 16.0.30114.105
MinimumVisualStudioVersion = 10.0.40219.1
Project("{FAE04EC0-301F-11D3-BF4B-00C04F79EFBC}") = "R5T.D0035", "R5T.D0035\R5T.D0035.csproj", "{B6011EF4-0A37-425B-92E5-0E8F31C33A52}"
EndProject
Project("{FAE04EC0-301F-11D3-BF4B-00C04F79EFBC}") = "R5T.D0035.Base", "R5T.D0035.Base\R5T.D0035.Base.csproj", "{DE9F9959-4B4F-48BE-B8FB-A8FCDECD3BC9}"
EndProject
Project("{FAE04EC0-301F-11D3-BF4B-00C04F79EFBC}") = "R5T.D0035.Construction", "R5T.D0035.Construction\R5T.D0035.Construction.csproj", "{B4109517-3304-4A7C-B4A5-8DB1FA5D3464}"
EndProject
Project("{FAE04EC0-301F-11D3-BF4B-00C04F79EFBC}") = "R5T.D0035.Default", "R5T.D0035.Default\R5T.D0035.Default.csproj", "{37A1F6C9-8EED-4488-8E5C-34F81CE1587B}"
EndProject
Global
	GlobalSection(SolutionConfigurationPlatforms) = preSolution
		Debug|Any CPU = Debug|Any CPU
		Debug|x64 = Debug|x64
		Debug|x86 = Debug|x86
		Release|Any CPU = Release|Any CPU
		Release|x64 = Release|x64
		Release|x86 = Release|x86
	EndGlobalSection
	GlobalSection(SolutionProperties) = preSolution
		HideSolutionNode = FALSE
	EndGlobalSection
	GlobalSection(ProjectConfigurationPlatforms) = postSolution
		{B6011EF4-0A37-425B-92E5-0E8F31C33A52}.Debug|Any CPU.ActiveCfg = Debug|Any CPU
		{B6011EF4-0A37-425B-92E5-0E8F31C33A52}.Debug|Any CPU.Build.0 = Debug|Any CPU
		{B6011EF4-0A37-425B-92E5-0E8F31C33A52}.Debug|x64.ActiveCfg = Debug|Any CPU
		{B6011EF4-0A37-425B-92E5-0E8F31C33A52}.Debug|x64.Build.0 = Debug|Any CPU
		{B6011EF4-0A37-425B-92E5-0E8F31C33A52}.Debug|x86.ActiveCfg = Debug|Any CPU
		{B6011EF4-0A37-425B-92E5-0E8F31C33A52}.Debug|x86.Build.0 = Debug|Any CPU
		{B6011EF4-0A37-425B-92E5-0E8F31C33A52}.Release|Any CPU.ActiveCfg = Release|Any CPU
		{B6011EF4-0A37-425B-92E5-0E8F31C33A52}.Release|Any CPU.Build.0 = Release|Any CPU
		{B6011EF4-0A37-425B-92E5-0E8F31C33A52}.Release|x64.ActiveCfg = Release|Any CPU
		{B6011EF4-0A37-425B-92E5-0E8F31C33A52}.Release|x64.Build.0 = Release|Any CPU
		{B6011EF4-0A37-425B-92E5-0E8F31C33A52}.Release|x86.ActiveCfg = Release|Any CPU
		{B6011EF4-0A37-425B-92E5-0E8F31C33A52}.Release|x86.Build.0 = Release|Any CPU
		{DE9F9959-4B4F-48BE-B8FB-A8FCDECD3BC9}.Debug|Any CPU.ActiveCfg = Debug|Any CPU
		{DE9F9959-4B4F-48BE-B8FB-A8FCDECD3BC9}.Debug|Any CPU.Build.0 = Debug|Any CPU
		{DE9F9959-4B4F-48BE-B8FB-A8FCDECD3BC9}.Debug|x64.ActiveCfg = Debug|Any CPU
		{DE9F9959-4B4F-48BE-B8FB-A8FCDECD3BC9}.Debug|x64.Build.0 = Debug|Any CPU
		{DE9F9959-4B4F-48BE-B8FB-A8FCDECD3BC9}.Debug|x86.ActiveCfg = Debug|Any CPU
		{DE9F9959-4B4F-48BE-B8FB-A8FCDECD3BC9}.Debug|x86.Build.0 = Debug|Any CPU
		{DE9F9959-4B4F-48BE-B8FB-A8FCDECD3BC9}.Release|Any CPU.ActiveCfg = Release|Any CPU
		{DE9F9959-4B4F-48BE-B8FB-A8FCDECD3BC9}.Release|Any CPU.Build.0 = Release|Any CPU
		{DE9F9959-4B4F-48BE-B8FB-A8FCDECD3BC9}.Release|x64.ActiveCfg = Release|Any CPU
		{DE9F9959-4B4F-48BE-B8FB-A8FCDECD3BC9}.Release|x64.Build.0 = Release|Any CPU
		{DE9F9959-4B4F-48BE-B8FB-A8FCDECD3BC9}.Release|x86.ActiveCfg = Release|Any CPU
		{DE9F9959-4B4F-48BE-B8FB-A8FCDECD3BC9}.Release|x86.Build.0 = Release|Any CPU
		{B4109517-3304-4A7C-B4A5-8DB1FA5D3464}.Debug|Any CPU.ActiveCfg = Debug|Any CPU
		{B4109517-3304-4A7C-B4A5-8DB1FA5D3464}.Debug|Any CPU.Build.0 = Debug|Any CPU
		{B4109517-3304-4A7C-B4A5-8DB1FA5D3464}.Debug|x64.ActiveCfg = Debug|Any CPU
		{B4109517-3304-4A7C-B4A5-8DB1FA5D3464}.Debug|x64.Build.0 = Debug|Any CPU
		{B4109517-3304-4A7C-B4A5-8DB1FA5D3464}.Debug|x86.ActiveCfg = Debug|Any CPU
		{B4109517-3304-4A7C-B4A5-8DB1FA5D3464}.Debug|x86.Build.0 = Debug|Any CPU
		{B4109517-3304-4A7C-B4A5-8DB1FA5D3464}.Release|Any CPU.ActiveCfg = Release|Any CPU
		{B4109517-3304-4A7C-B4A5-8DB1FA5D3464}.Release|Any CPU.Build.0 = Release|Any CPU
		{B4109517-3304-4A7C-B4A5-8DB1FA5D3464}.Release|x64.ActiveCfg = Release|Any CPU
		{B4109517-3304-4A7C-B4A5-8DB1FA5D3464}.Release|x64.Build.0 = Release|Any CPU
		{B4109517-3304-4A7C-B4A5-8DB1FA5D3464}.Release|x86.ActiveCfg = Release|Any CPU
		{B4109517-3304-4A7C-B4A5-8DB1FA5D3464}.Release|x86.Build.0 = Release|Any CPU
		{37A1F6C9-8EED-4488-8E5C-34F81CE1587B}.Debug|Any CPU.ActiveCfg = Debug|Any CPU
		{37A1F6C9-8EED-4488-8E5C-34F81CE1587B}.Debug|Any CPU.Build.0 = Debug|Any CPU
		{37A1F6C9-8EED-4488-8E5C-34F81CE1587B}.Debug|x64.ActiveCfg = Debug|Any CPU
		{37A1F6C9-8EED-4488-8E5C-34F81CE1587B}.Debug|x64.Build.0 = Debug|Any CPU
		{37A1F6C9-8EED-4488-8E5C-34F81CE1587B}.Debug|x86.ActiveCfg = Debug|Any CPU
		{37A1F6C9-8EED-4488-8E5C-34F81CE1587B}.Debug|x86.Build.0 = Debug|Any CPU
		{37A1F6C9-8EED-4488-8E5C-34F81CE1587B}.Release|Any CPU.ActiveCfg = Release|Any CPU
		{37A1F6C9-8EED-4488-8E5C-34F81CE1587B}.Release|Any CPU.Build.0 = Release|Any CPU
		{37A1F6C9-8EED-4488-8E5C-34F81CE1587B}.Release|x64.ActiveCfg = Release|Any CPU
		{37A1F6C9-8EED-4488-8E5C-34F81CE1587B}.Release|x64.Build.0 = Release|Any CPU
		{37A1F6C9-8EED-4488-8E5C-34F81CE1587B}.Release|x86.ActiveCfg = Release|Any CPU
		{37A1F6C9-8EED-4488-8E5C-34F81CE1587B}.Release|x86.Build.0 = Release|Any CPU
	EndGlobalSection
EndGlobal
